<?xml version="1.0" encoding="utf-8"?>
<Project ToolsVersion="4.0" xmlns="http://schemas.microsoft.com/developer/msbuild/2003">
  <ItemGroup>
    <Filter Include="Source Files">
      <UniqueIdentifier>{4FC737F1-C7A5-4376-A066-2A32D752A2FF}</UniqueIdentifier>
      <Extensions>cpp;c;cc;cxx;def;odl;idl;hpj;bat;asm;asmx</Extensions>
    </Filter>
    <Filter Include="Header Files">
      <UniqueIdentifier>{93995380-89BD-4b04-88EB-625FBE52EBFB}</UniqueIdentifier>
      <Extensions>h;hh;hpp;hxx;hm;inl;inc;xsd</Extensions>
    </Filter>
    <Filter Include="Resource Files">
      <UniqueIdentifier>{67DA6AB6-F800-4c08-8B7A-83BB121AAD01}</UniqueIdentifier>
      <Extensions>rc;ico;cur;bmp;dlg;rc2;rct;bin;rgs;gif;jpg;jpeg;jpe;resx;tiff;tif;png;wav;mfcribbon-ms</Extensions>
    </Filter>
    <Filter Include="Test">
      <UniqueIdentifier>{eaa824cc-4e5f-4cdb-b51e-b6ee34079b7b}</UniqueIdentifier>
    </Filter>
    <Filter Include="Assets">
      <UniqueIdentifier>{eed36f10-cfeb-47aa-b835-44130decd40e}</UniqueIdentifier>
    </Filter>
    <Filter Include="Assets\Images">
      <UniqueIdentifier>{27563b51-9785-44dd-9905-58c0b814df8e}</UniqueIdentifier>
    </Filter>
    <Filter Include="Header Files\JsonParser">
      <UniqueIdentifier>{927650b1-4fe4-4e27-8492-095f6b920f53}</UniqueIdentifier>
    </Filter>
    <Filter Include="Assets\Text">
      <UniqueIdentifier>{93162fc5-13dd-4c98-850a-7f3ed6f6011f}</UniqueIdentifier>
    </Filter>
    <Filter Include="Assets\Properties">
      <UniqueIdentifier>{d5ae0009-4336-46d2-9405-12693d9bd50d}</UniqueIdentifier>
    </Filter>
  </ItemGroup>
  <ItemGroup>
    <ClCompile Include="EventManager.cpp">
      <Filter>Source Files</Filter>
    </ClCompile>
    <ClCompile Include="test.cpp">
      <Filter>Test</Filter>
    </ClCompile>
    <ClCompile Include="test2.cpp">
      <Filter>Test</Filter>
    </ClCompile>
    <ClCompile Include="test3.cpp">
      <Filter>Test</Filter>
    </ClCompile>
    <ClCompile Include="WindowManager.cpp">
      <Filter>Source Files</Filter>
    </ClCompile>
    <ClCompile Include="UpdateManager.cpp">
      <Filter>Source Files</Filter>
    </ClCompile>
    <ClCompile Include="test4.cpp">
      <Filter>Test</Filter>
    </ClCompile>
    <ClCompile Include="LoaderManager.cpp">
      <Filter>Source Files</Filter>
    </ClCompile>
    <ClCompile Include="Loader.cpp">
      <Filter>Source Files</Filter>
    </ClCompile>
    <ClCompile Include="test5.cpp">
      <Filter>Test</Filter>
    </ClCompile>
    <ClCompile Include="test6.cpp">
      <Filter>Test</Filter>
    </ClCompile>
    <ClCompile Include="Lexer.cpp">
      <Filter>Source Files</Filter>
    </ClCompile>
    <ClCompile Include="Token.cpp">
      <Filter>Source Files</Filter>
    </ClCompile>
    <ClCompile Include="test7.cpp">
      <Filter>Test</Filter>
    </ClCompile>
    <ClCompile Include="Parser.cpp">
      <Filter>Source Files</Filter>
    </ClCompile>
    <ClCompile Include="ASTree.cpp">
      <Filter>Source Files</Filter>
    </ClCompile>
    <ClCompile Include="Composite.cpp">
      <Filter>Source Files</Filter>
    </ClCompile>
    <ClCompile Include="BinaryNode.cpp">
      <Filter>Source Files</Filter>
    </ClCompile>
    <ClCompile Include="Leaf.cpp">
      <Filter>Source Files</Filter>
    </ClCompile>
    <ClCompile Include="JsonValue.cpp">
      <Filter>Source Files</Filter>
    </ClCompile>
    <ClCompile Include="JsonKey.cpp">
      <Filter>Source Files</Filter>
    </ClCompile>
    <ClCompile Include="JsonInt.cpp">
      <Filter>Source Files</Filter>
    </ClCompile>
    <ClCompile Include="JsonObject.cpp">
      <Filter>Source Files</Filter>
    </ClCompile>
    <ClCompile Include="JsonFloat.cpp">
      <Filter>Source Files</Filter>
    </ClCompile>
    <ClCompile Include="JsonString.cpp">
      <Filter>Source Files</Filter>
    </ClCompile>
    <ClCompile Include="JsonArray.cpp">
      <Filter>Source Files</Filter>
    </ClCompile>
    <ClCompile Include="Excuter.cpp">
      <Filter>Source Files</Filter>
    </ClCompile>
    <ClCompile Include="test8.cpp">
      <Filter>Test</Filter>
    </ClCompile>
    <ClCompile Include="test9.cpp">
      <Filter>Test</Filter>
    </ClCompile>
    <ClCompile Include="test10.cpp">
      <Filter>Test</Filter>
    </ClCompile>
    <ClCompile Include="JsonRunner.cpp">
      <Filter>Source Files</Filter>
    </ClCompile>
    <ClCompile Include="test11.cpp">
      <Filter>Test</Filter>
    </ClCompile>
    <ClCompile Include="ResourceManager.cpp">
      <Filter>Source Files</Filter>
    </ClCompile>
  </ItemGroup>
  <ItemGroup>
    <ClInclude Include="EventManager.h">
      <Filter>Header Files</Filter>
    </ClInclude>
    <ClInclude Include="EventBase.h">
      <Filter>Header Files</Filter>
    </ClInclude>
    <ClInclude Include="EventDispatcher.h">
      <Filter>Header Files</Filter>
    </ClInclude>
    <ClInclude Include="WindowManager.h">
      <Filter>Header Files</Filter>
    </ClInclude>
    <ClInclude Include="UpdateManager.h">
      <Filter>Header Files</Filter>
    </ClInclude>
    <ClInclude Include="ResourceManager.h">
      <Filter>Header Files</Filter>
    </ClInclude>
    <ClInclude Include="LoaderManager.h">
      <Filter>Header Files</Filter>
    </ClInclude>
    <ClInclude Include="Loader.h">
      <Filter>Header Files</Filter>
    </ClInclude>
    <ClInclude Include="Lexer.h">
      <Filter>Header Files\JsonParser</Filter>
    </ClInclude>
    <ClInclude Include="Token.h">
      <Filter>Header Files\JsonParser</Filter>
    </ClInclude>
    <ClInclude Include="Parser.h">
      <Filter>Header Files\JsonParser</Filter>
    </ClInclude>
    <ClInclude Include="ASTree.h">
      <Filter>Header Files\JsonParser</Filter>
    </ClInclude>
    <ClInclude Include="Composite.h">
      <Filter>Header Files\JsonParser</Filter>
    </ClInclude>
    <ClInclude Include="Leaf.h">
      <Filter>Header Files\JsonParser</Filter>
    </ClInclude>
    <ClInclude Include="BinaryNode.h">
      <Filter>Header Files\JsonParser</Filter>
    </ClInclude>
    <ClInclude Include="Excuter.h">
      <Filter>Header Files\JsonParser</Filter>
    </ClInclude>
    <ClInclude Include="JsonKey.h">
      <Filter>Header Files\JsonParser</Filter>
    </ClInclude>
    <ClInclude Include="JsonValue.h">
      <Filter>Header Files\JsonParser</Filter>
    </ClInclude>
    <ClInclude Include="JsonArray.h">
      <Filter>Header Files\JsonParser</Filter>
    </ClInclude>
    <ClInclude Include="JsonObject.h">
      <Filter>Header Files\JsonParser</Filter>
    </ClInclude>
    <ClInclude Include="JsonString.h">
      <Filter>Header Files\JsonParser</Filter>
    </ClInclude>
    <ClInclude Include="JsonInt.h">
      <Filter>Header Files\JsonParser</Filter>
    </ClInclude>
    <ClInclude Include="JsonFloat.h">
      <Filter>Header Files\JsonParser</Filter>
    </ClInclude>
    <ClInclude Include="JsonRunner.h">
      <Filter>Header Files\JsonParser</Filter>
    </ClInclude>
    <ClInclude Include="LoaderTextureEvent.h">
      <Filter>Header Files</Filter>
    </ClInclude>
    <ClInclude Include="LoaderJsonEvent.h">
      <Filter>Header Files</Filter>
    </ClInclude>
  </ItemGroup>
  <ItemGroup>
    <Image Include="Assets\Images\staxChicken_01.png">
      <Filter>Assets\Images</Filter>
    </Image>
    <Image Include="Assets\Images\staxChicken_04.png">
      <Filter>Assets\Images</Filter>
    </Image>
    <Image Include="Assets\Images\staxCow_01.png">
      <Filter>Assets\Images</Filter>
    </Image>
    <Image Include="Assets\Images\staxCow_04.png">
      <Filter>Assets\Images</Filter>
    </Image>
    <Image Include="Assets\Images\staxDog_01.png">
      <Filter>Assets\Images</Filter>
    </Image>
    <Image Include="Assets\Images\staxDog_04.png">
      <Filter>Assets\Images</Filter>
    </Image>
    <Image Include="Assets\Images\staxDuck_01.png">
      <Filter>Assets\Images</Filter>
    </Image>
    <Image Include="Assets\Images\staxDuck_04.png">
      <Filter>Assets\Images</Filter>
    </Image>
    <Image Include="Assets\Images\staxPig_01.png">
      <Filter>Assets\Images</Filter>
    </Image>
    <Image Include="Assets\Images\staxPig_04.png">
      <Filter>Assets\Images</Filter>
    </Image>
    <Image Include="Assets\Images\staxSheep_01.png">
      <Filter>Assets\Images</Filter>
    </Image>
    <Image Include="Assets\Images\staxSheep_04.png">
      <Filter>Assets\Images</Filter>
    </Image>
    <Image Include="Assets\Images\staxTiles-frozen_01.png">
      <Filter>Assets\Images</Filter>
    </Image>
    <Image Include="Assets\Images\staxTiles-frozen_02.png">
      <Filter>Assets\Images</Filter>
    </Image>
    <Image Include="Assets\Images\staxTiles-frozen_03.png">
      <Filter>Assets\Images</Filter>
    </Image>
    <Image Include="Assets\Images\staxTiles-frozen_04.png">
      <Filter>Assets\Images</Filter>
    </Image>
    <Image Include="Assets\Images\staxTiles-frozen_05.png">
      <Filter>Assets\Images</Filter>
    </Image>
    <Image Include="Assets\Images\staxTiles-frozen_06.png">
      <Filter>Assets\Images</Filter>
    </Image>
    <Image Include="Assets\Images\staxTiles-special.png">
      <Filter>Assets\Images</Filter>
    </Image>
  </ItemGroup>
  <ItemGroup>
    <Text Include="Assets\Text\test.txt">
      <Filter>Assets\Text</Filter>
    </Text>
    <Text Include="Assets\Text\test2.txt">
      <Filter>Assets\Text</Filter>
    </Text>
  </ItemGroup>
  <ItemGroup>
    <None Include="Assets\Properties\1.ppty">
      <Filter>Assets\Properties</Filter>
    </None>
    <None Include="Assets\Properties\2.ppty">
      <Filter>Assets\Properties</Filter>
    </None>
  </ItemGroup>
</Project>